PODS:
  - agora_rtc_engine (6.5.0):
    - AgoraIrisRTC_iOS (= 4.5.0-build.1)
    - AgoraRtcEngine_iOS (= 4.5.0)
    - Flutter
  - AgoraInfra_iOS (1.2.13)
  - AgoraIrisRTC_iOS (4.5.0-build.1)
  - AgoraRtcEngine_iOS (4.5.0):
    - AgoraRtcEngine_iOS/AIAEC (= 4.5.0)
    - AgoraRtcEngine_iOS/AIAECLL (= 4.5.0)
    - AgoraRtcEngine_iOS/AINS (= 4.5.0)
    - AgoraRtcEngine_iOS/AINSLL (= 4.5.0)
    - AgoraRtcEngine_iOS/AudioBeauty (= 4.5.0)
    - AgoraRtcEngine_iOS/ClearVision (= 4.5.0)
    - AgoraRtcEngine_iOS/ContentInspect (= 4.5.0)
    - AgoraRtcEngine_iOS/FaceCapture (= 4.5.0)
    - AgoraRtcEngine_iOS/FaceDetection (= 4.5.0)
    - AgoraRtcEngine_iOS/LipSync (= 4.5.0)
    - AgoraRtcEngine_iOS/ReplayKit (= 4.5.0)
    - AgoraRtcEngine_iOS/RtcBasic (= 4.5.0)
    - AgoraRtcEngine_iOS/SpatialAudio (= 4.5.0)
    - AgoraRtcEngine_iOS/VideoAv1CodecDec (= 4.5.0)
    - AgoraRtcEngine_iOS/VideoAv1CodecEnc (= 4.5.0)
    - AgoraRtcEngine_iOS/VideoCodecDec (= 4.5.0)
    - AgoraRtcEngine_iOS/VideoCodecEnc (= 4.5.0)
    - AgoraRtcEngine_iOS/VirtualBackground (= 4.5.0)
    - AgoraRtcEngine_iOS/VQA (= 4.5.0)
  - AgoraRtcEngine_iOS/AIAEC (4.5.0)
  - AgoraRtcEngine_iOS/AIAECLL (4.5.0)
  - AgoraRtcEngine_iOS/AINS (4.5.0)
  - AgoraRtcEngine_iOS/AINSLL (4.5.0)
  - AgoraRtcEngine_iOS/AudioBeauty (4.5.0)
  - AgoraRtcEngine_iOS/ClearVision (4.5.0)
  - AgoraRtcEngine_iOS/ContentInspect (4.5.0)
  - AgoraRtcEngine_iOS/FaceCapture (4.5.0)
  - AgoraRtcEngine_iOS/FaceDetection (4.5.0)
  - AgoraRtcEngine_iOS/LipSync (4.5.0)
  - AgoraRtcEngine_iOS/ReplayKit (4.5.0)
  - AgoraRtcEngine_iOS/RtcBasic (4.5.0):
    - AgoraInfra_iOS (= 1.2.13)
  - AgoraRtcEngine_iOS/SpatialAudio (4.5.0)
  - AgoraRtcEngine_iOS/VideoAv1CodecDec (4.5.0)
  - AgoraRtcEngine_iOS/VideoAv1CodecEnc (4.5.0)
  - AgoraRtcEngine_iOS/VideoCodecDec (4.5.0)
  - AgoraRtcEngine_iOS/VideoCodecEnc (4.5.0)
  - AgoraRtcEngine_iOS/VirtualBackground (4.5.0)
  - AgoraRtcEngine_iOS/VQA (4.5.0)
  - audio_session (0.0.1):
    - Flutter
  - audioplayers_darwin (0.0.1):
    - Flutter
  - camera_avfoundation (0.0.1):
    - Flutter
  - CryptoSwift (1.8.4)
  - DKImagePickerController/Core (4.3.9):
    - DKImagePickerController/ImageDataManager
    - DKImagePickerController/Resource
  - DKImagePickerController/ImageDataManager (4.3.9)
  - DKImagePickerController/PhotoGallery (4.3.9):
    - DKImagePickerController/Core
    - DKPhotoGallery
  - DKImagePickerController/Resource (4.3.9)
  - DKPhotoGallery (0.0.19):
    - DKPhotoGallery/Core (= 0.0.19)
    - DKPhotoGallery/Model (= 0.0.19)
    - DKPhotoGallery/Preview (= 0.0.19)
    - DKPhotoGallery/Resource (= 0.0.19)
    - SDWebImage
    - SwiftyGif
  - DKPhotoGallery/Core (0.0.19):
    - DKPhotoGallery/Model
    - DKPhotoGallery/Preview
    - SDWebImage
    - SwiftyGif
  - DKPhotoGallery/Model (0.0.19):
    - SDWebImage
    - SwiftyGif
  - DKPhotoGallery/Preview (0.0.19):
    - DKPhotoGallery/Model
    - DKPhotoGallery/Resource
    - SDWebImage
    - SwiftyGif
  - DKPhotoGallery/Resource (0.0.19):
    - SDWebImage
    - SwiftyGif
  - emoji_picker_flutter (0.0.1):
    - Flutter
  - file_picker (0.0.1):
    - DKImagePickerController/PhotoGallery
    - Flutter
  - Firebase/CoreOnly (11.10.0):
    - FirebaseCore (~> 11.10.0)
  - Firebase/Messaging (11.10.0):
    - Firebase/CoreOnly
    - FirebaseMessaging (~> 11.10.0)
  - firebase_core (3.13.0):
    - Firebase/CoreOnly (= 11.10.0)
    - Flutter
  - firebase_messaging (15.2.5):
    - Firebase/Messaging (= 11.10.0)
    - firebase_core
    - Flutter
  - FirebaseCore (11.10.0):
    - FirebaseCoreInternal (~> 11.10.0)
    - GoogleUtilities/Environment (~> 8.0)
    - GoogleUtilities/Logger (~> 8.0)
  - FirebaseCoreInternal (11.10.0):
    - "GoogleUtilities/NSData+zlib (~> 8.0)"
  - FirebaseInstallations (11.10.0):
    - FirebaseCore (~> 11.10.0)
    - GoogleUtilities/Environment (~> 8.0)
    - GoogleUtilities/UserDefaults (~> 8.0)
    - PromisesObjC (~> 2.4)
  - FirebaseMessaging (11.10.0):
    - FirebaseCore (~> 11.10.0)
    - FirebaseInstallations (~> 11.0)
    - GoogleDataTransport (~> 10.0)
    - GoogleUtilities/AppDelegateSwizzler (~> 8.0)
    - GoogleUtilities/Environment (~> 8.0)
    - GoogleUtilities/Reachability (~> 8.0)
    - GoogleUtilities/UserDefaults (~> 8.0)
    - nanopb (~> 3.30910.0)
  - Flutter (1.0.0)
  - flutter_callkit_incoming (0.0.1):
    - CryptoSwift
    - Flutter
  - flutter_foreground_task (0.0.1):
    - Flutter
  - flutter_image_compress_common (1.0.0):
    - Flutter
    - Mantle
    - SDWebImage
    - SDWebImageWebPCoder
  - flutter_local_notifications (0.0.1):
    - Flutter
  - fluttertoast (0.0.2):
    - Flutter
  - GoogleDataTransport (10.1.0):
    - nanopb (~> 3.30910.0)
    - PromisesObjC (~> 2.4)
  - GoogleUtilities/AppDelegateSwizzler (8.1.0):
    - GoogleUtilities/Environment
    - GoogleUtilities/Logger
    - GoogleUtilities/Network
    - GoogleUtilities/Privacy
  - GoogleUtilities/Environment (8.1.0):
    - GoogleUtilities/Privacy
  - GoogleUtilities/Logger (8.1.0):
    - GoogleUtilities/Environment
    - GoogleUtilities/Privacy
  - GoogleUtilities/Network (8.1.0):
    - GoogleUtilities/Logger
    - "GoogleUtilities/NSData+zlib"
    - GoogleUtilities/Privacy
    - GoogleUtilities/Reachability
  - "GoogleUtilities/NSData+zlib (8.1.0)":
    - GoogleUtilities/Privacy
  - GoogleUtilities/Privacy (8.1.0)
  - GoogleUtilities/Reachability (8.1.0):
    - GoogleUtilities/Logger
    - GoogleUtilities/Privacy
  - GoogleUtilities/UserDefaults (8.1.0):
    - GoogleUtilities/Logger
    - GoogleUtilities/Privacy
  - image_picker_ios (0.0.1):
    - Flutter
  - iris_method_channel (0.0.1):
    - Flutter
  - just_audio (0.0.1):
    - Flutter
    - FlutterMacOS
  - libwebp (1.5.0):
    - libwebp/demux (= 1.5.0)
    - libwebp/mux (= 1.5.0)
    - libwebp/sharpyuv (= 1.5.0)
    - libwebp/webp (= 1.5.0)
  - libwebp/demux (1.5.0):
    - libwebp/webp
  - libwebp/mux (1.5.0):
    - libwebp/demux
  - libwebp/sharpyuv (1.5.0)
  - libwebp/webp (1.5.0):
    - libwebp/sharpyuv
  - location (0.0.1):
    - Flutter
  - Mantle (2.2.0):
    - Mantle/extobjc (= 2.2.0)
  - Mantle/extobjc (2.2.0)
  - media_kit_libs_ios_video (1.0.4):
    - Flutter
  - media_kit_video (0.0.1):
    - Flutter
  - nanopb (3.30910.0):
    - nanopb/decode (= 3.30910.0)
    - nanopb/encode (= 3.30910.0)
  - nanopb/decode (3.30910.0)
  - nanopb/encode (3.30910.0)
  - package_info_plus (0.4.5):
    - Flutter
  - path_provider_foundation (0.0.1):
    - Flutter
    - FlutterMacOS
  - permission_handler_apple (9.3.0):
    - Flutter
  - PromisesObjC (2.4.0)
  - SDWebImage (5.21.1):
    - SDWebImage/Core (= 5.21.1)
  - SDWebImage/Core (5.21.1)
  - SDWebImageWebPCoder (0.14.6):
    - libwebp (~> 1.0)
    - SDWebImage/Core (~> 5.17)
  - shared_preferences_foundation (0.0.1):
    - Flutter
    - FlutterMacOS
  - speech_to_text (0.0.1):
    - Flutter
    - FlutterMacOS
    - Try
  - sqflite_darwin (0.0.4):
    - Flutter
    - FlutterMacOS
  - SwiftyGif (5.4.5)
  - Try (2.1.1)
  - video_player_avfoundation (0.0.1):
    - Flutter
    - FlutterMacOS
  - volume_controller (0.0.1):
    - Flutter
  - wakelock_plus (0.0.1):
    - Flutter

DEPENDENCIES:
  - agora_rtc_engine (from `.symlinks/plugins/agora_rtc_engine/ios`)
  - audio_session (from `.symlinks/plugins/audio_session/ios`)
  - audioplayers_darwin (from `.symlinks/plugins/audioplayers_darwin/ios`)
  - camera_avfoundation (from `.symlinks/plugins/camera_avfoundation/ios`)
  - emoji_picker_flutter (from `.symlinks/plugins/emoji_picker_flutter/ios`)
  - file_picker (from `.symlinks/plugins/file_picker/ios`)
  - firebase_core (from `.symlinks/plugins/firebase_core/ios`)
  - firebase_messaging (from `.symlinks/plugins/firebase_messaging/ios`)
  - Flutter (from `Flutter`)
  - flutter_callkit_incoming (from `.symlinks/plugins/flutter_callkit_incoming/ios`)
  - flutter_foreground_task (from `.symlinks/plugins/flutter_foreground_task/ios`)
  - flutter_image_compress_common (from `.symlinks/plugins/flutter_image_compress_common/ios`)
  - flutter_local_notifications (from `.symlinks/plugins/flutter_local_notifications/ios`)
  - fluttertoast (from `.symlinks/plugins/fluttertoast/ios`)
  - image_picker_ios (from `.symlinks/plugins/image_picker_ios/ios`)
  - iris_method_channel (from `.symlinks/plugins/iris_method_channel/ios`)
  - just_audio (from `.symlinks/plugins/just_audio/darwin`)
  - location (from `.symlinks/plugins/location/ios`)
  - media_kit_libs_ios_video (from `.symlinks/plugins/media_kit_libs_ios_video/ios`)
  - media_kit_video (from `.symlinks/plugins/media_kit_video/ios`)
  - package_info_plus (from `.symlinks/plugins/package_info_plus/ios`)
  - path_provider_foundation (from `.symlinks/plugins/path_provider_foundation/darwin`)
  - permission_handler_apple (from `.symlinks/plugins/permission_handler_apple/ios`)
  - shared_preferences_foundation (from `.symlinks/plugins/shared_preferences_foundation/darwin`)
  - speech_to_text (from `.symlinks/plugins/speech_to_text/darwin`)
  - sqflite_darwin (from `.symlinks/plugins/sqflite_darwin/darwin`)
  - video_player_avfoundation (from `.symlinks/plugins/video_player_avfoundation/darwin`)
  - volume_controller (from `.symlinks/plugins/volume_controller/ios`)
  - wakelock_plus (from `.symlinks/plugins/wakelock_plus/ios`)

SPEC REPOS:
  trunk:
    - AgoraInfra_iOS
    - AgoraIrisRTC_iOS
    - AgoraRtcEngine_iOS
    - CryptoSwift
    - DKImagePickerController
    - DKPhotoGallery
    - Firebase
    - FirebaseCore
    - FirebaseCoreInternal
    - FirebaseInstallations
    - FirebaseMessaging
    - GoogleDataTransport
    - GoogleUtilities
    - libwebp
    - Mantle
    - nanopb
    - PromisesObjC
    - SDWebImage
    - SDWebImageWebPCoder
    - SwiftyGif
    - Try

EXTERNAL SOURCES:
  agora_rtc_engine:
    :path: ".symlinks/plugins/agora_rtc_engine/ios"
  audio_session:
    :path: ".symlinks/plugins/audio_session/ios"
  audioplayers_darwin:
    :path: ".symlinks/plugins/audioplayers_darwin/ios"
  camera_avfoundation:
    :path: ".symlinks/plugins/camera_avfoundation/ios"
  emoji_picker_flutter:
    :path: ".symlinks/plugins/emoji_picker_flutter/ios"
  file_picker:
    :path: ".symlinks/plugins/file_picker/ios"
  firebase_core:
    :path: ".symlinks/plugins/firebase_core/ios"
  firebase_messaging:
    :path: ".symlinks/plugins/firebase_messaging/ios"
  Flutter:
    :path: Flutter
  flutter_callkit_incoming:
    :path: ".symlinks/plugins/flutter_callkit_incoming/ios"
  flutter_foreground_task:
    :path: ".symlinks/plugins/flutter_foreground_task/ios"
  flutter_image_compress_common:
    :path: ".symlinks/plugins/flutter_image_compress_common/ios"
  flutter_local_notifications:
    :path: ".symlinks/plugins/flutter_local_notifications/ios"
  fluttertoast:
    :path: ".symlinks/plugins/fluttertoast/ios"
  image_picker_ios:
    :path: ".symlinks/plugins/image_picker_ios/ios"
  iris_method_channel:
    :path: ".symlinks/plugins/iris_method_channel/ios"
  just_audio:
    :path: ".symlinks/plugins/just_audio/darwin"
  location:
    :path: ".symlinks/plugins/location/ios"
  media_kit_libs_ios_video:
    :path: ".symlinks/plugins/media_kit_libs_ios_video/ios"
  media_kit_video:
    :path: ".symlinks/plugins/media_kit_video/ios"
  package_info_plus:
    :path: ".symlinks/plugins/package_info_plus/ios"
  path_provider_foundation:
    :path: ".symlinks/plugins/path_provider_foundation/darwin"
  permission_handler_apple:
    :path: ".symlinks/plugins/permission_handler_apple/ios"
  shared_preferences_foundation:
    :path: ".symlinks/plugins/shared_preferences_foundation/darwin"
  speech_to_text:
    :path: ".symlinks/plugins/speech_to_text/darwin"
  sqflite_darwin:
    :path: ".symlinks/plugins/sqflite_darwin/darwin"
  video_player_avfoundation:
    :path: ".symlinks/plugins/video_player_avfoundation/darwin"
  volume_controller:
    :path: ".symlinks/plugins/volume_controller/ios"
  wakelock_plus:
    :path: ".symlinks/plugins/wakelock_plus/ios"

SPEC CHECKSUMS:
  agora_rtc_engine: bc056a728ed1be8261074a4baf3487e99a6c9a9a
  AgoraInfra_iOS: 65e11a2183ab7836258768868d06058c22701b13
  AgoraIrisRTC_iOS: 8207edf56ceaae6b8ee773d8e2137c6b7cb062be
  AgoraRtcEngine_iOS: 38b5e0a49bbad5616f284e6a4f9e4f5bb3fb3b2e
  audio_session: 9bb7f6c970f21241b19f5a3658097ae459681ba0
  audioplayers_darwin: ccf9c770ee768abb07e26d90af093f7bab1c12ab
  camera_avfoundation: 04b44aeb14070126c6529e5ab82cc7c9fca107cf
  CryptoSwift: e64e11850ede528a02a0f3e768cec8e9d92ecb90
  DKImagePickerController: 946cec48c7873164274ecc4624d19e3da4c1ef3c
  DKPhotoGallery: b3834fecb755ee09a593d7c9e389d8b5d6deed60
  emoji_picker_flutter: ece213fc274bdddefb77d502d33080dc54e616cc
  file_picker: a0560bc09d61de87f12d246fc47d2119e6ef37be
  Firebase: 1fe1c0a7d9aaea32efe01fbea5f0ebd8d70e53a2
  firebase_core: 2d4534e7b489907dcede540c835b48981d890943
  firebase_messaging: 75bc93a4df25faccad67f6662ae872ac9ae69b64
  FirebaseCore: 8344daef5e2661eb004b177488d6f9f0f24251b7
  FirebaseCoreInternal: ef4505d2afb1d0ebbc33162cb3795382904b5679
  FirebaseInstallations: 9980995bdd06ec8081dfb6ab364162bdd64245c3
  FirebaseMessaging: 2b9f56aa4ed286e1f0ce2ee1d413aabb8f9f5cb9
  Flutter: e0871f40cf51350855a761d2e70bf5af5b9b5de7
  flutter_callkit_incoming: cb8138af67cda6dd981f7101a5d709003af21502
  flutter_foreground_task: a159d2c2173b33699ddb3e6c2a067045d7cebb89
  flutter_image_compress_common: 1697a328fd72bfb335507c6bca1a65fa5ad87df1
  flutter_local_notifications: a5a732f069baa862e728d839dd2ebb904737effb
  fluttertoast: 2c67e14dce98bbdb200df9e1acf610d7a6264ea1
  GoogleDataTransport: aae35b7ea0c09004c3797d53c8c41f66f219d6a7
  GoogleUtilities: 00c88b9a86066ef77f0da2fab05f65d7768ed8e1
  image_picker_ios: 7fe1ff8e34c1790d6fff70a32484959f563a928a
  iris_method_channel: b9db2053dac3dc84e256c8792eff6f11323a53bd
  just_audio: 4e391f57b79cad2b0674030a00453ca5ce817eed
  libwebp: 02b23773aedb6ff1fd38cec7a77b81414c6842a8
  location: 155caecf9da4f280ab5fe4a55f94ceccfab838f8
  Mantle: c5aa8794a29a022dfbbfc9799af95f477a69b62d
  media_kit_libs_ios_video: 5a18affdb97d1f5d466dc79988b13eff6c5e2854
  media_kit_video: 1746e198cb697d1ffb734b1d05ec429d1fcd1474
  nanopb: fad817b59e0457d11a5dfbde799381cd727c1275
  package_info_plus: af8e2ca6888548050f16fa2f1938db7b5a5df499
  path_provider_foundation: 080d55be775b7414fd5a5ef3ac137b97b097e564
  permission_handler_apple: 4ed2196e43d0651e8ff7ca3483a069d469701f2d
  PromisesObjC: f5707f49cb48b9636751c5b2e7d227e43fba9f47
  SDWebImage: f29024626962457f3470184232766516dee8dfea
  SDWebImageWebPCoder: e38c0a70396191361d60c092933e22c20d5b1380
  shared_preferences_foundation: 9e1978ff2562383bd5676f64ec4e9aa8fa06a6f7
  speech_to_text: 9dc43a5df3cbc2813f8c7cc9bd0fbf94268ed7ac
  sqflite_darwin: 20b2a3a3b70e43edae938624ce550a3cbf66a3d0
  SwiftyGif: 706c60cf65fa2bc5ee0313beece843c8eb8194d4
  Try: 5ef669ae832617b3cee58cb2c6f99fb767a4ff96
  video_player_avfoundation: 2cef49524dd1f16c5300b9cd6efd9611ce03639b
  volume_controller: 3657a1f65bedb98fa41ff7dc5793537919f31b12
  wakelock_plus: 04623e3f525556020ebd4034310f20fe7fda8b49

PODFILE CHECKSUM: e9d3751bc893ec16cfdb47a2128938b89fd153c7

COCOAPODS: 1.16.2
